
Microsoft Visual Studio Solution File, Format Version 12.00
# Visual Studio Version 17
VisualStudioVersion = 17.7.34024.191
MinimumVisualStudioVersion = 10.0.40219.1
Project("{FAE04EC0-301F-11D3-BF4B-00C04F79EFBC}") = "IFELSEExamples", "IFELSEExamples.csproj", "{67A26D70-18F7-462D-B2CC-9A1513596B4C}"
EndProject
Global
	GlobalSection(SolutionConfigurationPlatforms) = preSolution
		Debug|Any CPU = Debug|Any CPU
		Release|Any CPU = Release|Any CPU
	EndGlobalSection
	GlobalSection(ProjectConfigurationPlatforms) = postSolution
		{67A26D70-18F7-462D-B2CC-9A1513596B4C}.Debug|Any CPU.ActiveCfg = Debug|Any CPU
		{67A26D70-18F7-462D-B2CC-9A1513596B4C}.Debug|Any CPU.Build.0 = Debug|Any CPU
		{67A26D70-18F7-462D-B2CC-9A1513596B4C}.Release|Any CPU.ActiveCfg = Release|Any CPU
		{67A26D70-18F7-462D-B2CC-9A1513596B4C}.Release|Any CPU.Build.0 = Release|Any CPU
	EndGlobalSection
	GlobalSection(SolutionProperties) = preSolution
		HideSolutionNode = FALSE
	EndGlobalSection
	GlobalSection(ExtensibilityGlobals) = postSolution
		SolutionGuid = {9824F381-DADC-4CED-8EF4-EE913D77B4AA}
	EndGlobalSection
EndGlobal
